{
  "version": 4,
  "terraform_version": "1.2.4",
  "serial": 11,
  "lineage": "4c9cefa2-d190-be02-5779-8de81339ab08",
  "outputs": {},
  "resources": [
    {
      "mode": "managed",
      "type": "azurerm_network_security_group",
      "name": "lab3_securitygroup",
      "provider": "provider[\"registry.terraform.io/hashicorp/azurerm\"]",
      "instances": [
        {
          "schema_version": 0,
          "attributes": {
            "id": "/subscriptions/54828624-9e2e-4348-b537-8d2c7473541b/resourceGroups/RG3/providers/Microsoft.Network/networkSecurityGroups/lab3-SecurityGroup",
            "location": "westeurope",
            "name": "lab3-SecurityGroup",
            "resource_group_name": "RG3",
            "security_rule": [
              {
                "access": "Allow",
                "description": "",
                "destination_address_prefix": "*",
                "destination_address_prefixes": [],
                "destination_application_security_group_ids": [],
                "destination_port_range": "3389",
                "destination_port_ranges": [],
                "direction": "Inbound",
                "name": "WebAdminNSG",
                "priority": 100,
                "protocol": "Tcp",
                "source_address_prefix": "Internet",
                "source_address_prefixes": [],
                "source_application_security_group_ids": [],
                "source_port_range": "*",
                "source_port_ranges": []
              }
            ],
            "tags": null,
            "timeouts": null
          },
          "sensitive_attributes": [],
          "private": "eyJlMmJmYjczMC1lY2FhLTExZTYtOGY4OC0zNDM2M2JjN2M0YzAiOnsiY3JlYXRlIjoxODAwMDAwMDAwMDAwLCJkZWxldGUiOjE4MDAwMDAwMDAwMDAsInJlYWQiOjMwMDAwMDAwMDAwMCwidXBkYXRlIjoxODAwMDAwMDAwMDAwfX0=",
          "dependencies": [
            "azurerm_resource_group.RG3"
          ]
        }
      ]
    },
    {
      "mode": "managed",
      "type": "azurerm_resource_group",
      "name": "RG3",
      "provider": "provider[\"registry.terraform.io/hashicorp/azurerm\"]",
      "instances": [
        {
          "schema_version": 0,
          "attributes": {
            "id": "/subscriptions/54828624-9e2e-4348-b537-8d2c7473541b/resourceGroups/RG3",
            "location": "westeurope",
            "name": "RG3",
            "tags": {},
            "timeouts": null
          },
          "sensitive_attributes": [],
          "private": "eyJlMmJmYjczMC1lY2FhLTExZTYtOGY4OC0zNDM2M2JjN2M0YzAiOnsiY3JlYXRlIjo1NDAwMDAwMDAwMDAwLCJkZWxldGUiOjU0MDAwMDAwMDAwMDAsInJlYWQiOjMwMDAwMDAwMDAwMCwidXBkYXRlIjo1NDAwMDAwMDAwMDAwfX0="
        }
      ]
    },
    {
      "mode": "managed",
      "type": "azurerm_route_table",
      "name": "lab3_route_table",
      "provider": "provider[\"registry.terraform.io/hashicorp/azurerm\"]",
      "instances": [
        {
          "schema_version": 0,
          "attributes": {
            "disable_bgp_route_propagation": false,
            "id": "/subscriptions/54828624-9e2e-4348-b537-8d2c7473541b/resourceGroups/RG3/providers/Microsoft.Network/routeTables/lab3-route-table",
            "location": "westeurope",
            "name": "lab3-route-table",
            "resource_group_name": "RG3",
            "route": [
              {
                "address_prefix": "0.0.0.0/0",
                "name": "routeinternet",
                "next_hop_in_ip_address": "",
                "next_hop_type": "Internet"
              },
              {
                "address_prefix": "10.1.0.0/16",
                "name": "routelocal",
                "next_hop_in_ip_address": "",
                "next_hop_type": "VnetLocal"
              }
            ],
            "subnets": [
              "/subscriptions/54828624-9e2e-4348-b537-8d2c7473541b/resourceGroups/RG3/providers/Microsoft.Network/virtualNetworks/lab3-vnet/subnets/lab3-subnet"
            ],
            "tags": {},
            "timeouts": null
          },
          "sensitive_attributes": [],
          "private": "eyJlMmJmYjczMC1lY2FhLTExZTYtOGY4OC0zNDM2M2JjN2M0YzAiOnsiY3JlYXRlIjoxODAwMDAwMDAwMDAwLCJkZWxldGUiOjE4MDAwMDAwMDAwMDAsInJlYWQiOjMwMDAwMDAwMDAwMCwidXBkYXRlIjoxODAwMDAwMDAwMDAwfX0=",
          "dependencies": [
            "azurerm_resource_group.RG3"
          ]
        }
      ]
    },
    {
      "mode": "managed",
      "type": "azurerm_subnet",
      "name": "lab3_subnet",
      "provider": "provider[\"registry.terraform.io/hashicorp/azurerm\"]",
      "instances": [
        {
          "schema_version": 0,
          "attributes": {
            "address_prefixes": [
              "10.1.1.0/24"
            ],
            "delegation": [],
            "enforce_private_link_endpoint_network_policies": false,
            "enforce_private_link_service_network_policies": false,
            "id": "/subscriptions/54828624-9e2e-4348-b537-8d2c7473541b/resourceGroups/RG3/providers/Microsoft.Network/virtualNetworks/lab3-vnet/subnets/lab3-subnet",
            "name": "lab3-subnet",
            "private_endpoint_network_policies_enabled": true,
            "private_link_service_network_policies_enabled": true,
            "resource_group_name": "RG3",
            "service_endpoint_policy_ids": [],
            "service_endpoints": [],
            "timeouts": null,
            "virtual_network_name": "lab3-vnet"
          },
          "sensitive_attributes": [],
          "private": "eyJlMmJmYjczMC1lY2FhLTExZTYtOGY4OC0zNDM2M2JjN2M0YzAiOnsiY3JlYXRlIjoxODAwMDAwMDAwMDAwLCJkZWxldGUiOjE4MDAwMDAwMDAwMDAsInJlYWQiOjMwMDAwMDAwMDAwMCwidXBkYXRlIjoxODAwMDAwMDAwMDAwfX0=",
          "dependencies": [
            "azurerm_resource_group.RG3",
            "azurerm_virtual_network.lab3_vnet"
          ]
        }
      ]
    },
    {
      "mode": "managed",
      "type": "azurerm_subnet_network_security_group_association",
      "name": "example",
      "provider": "provider[\"registry.terraform.io/hashicorp/azurerm\"]",
      "instances": [
        {
          "schema_version": 0,
          "attributes": {
            "id": "/subscriptions/54828624-9e2e-4348-b537-8d2c7473541b/resourceGroups/RG3/providers/Microsoft.Network/virtualNetworks/lab3-vnet/subnets/lab3-subnet",
            "network_security_group_id": "/subscriptions/54828624-9e2e-4348-b537-8d2c7473541b/resourceGroups/RG3/providers/Microsoft.Network/networkSecurityGroups/lab3-SecurityGroup",
            "subnet_id": "/subscriptions/54828624-9e2e-4348-b537-8d2c7473541b/resourceGroups/RG3/providers/Microsoft.Network/virtualNetworks/lab3-vnet/subnets/lab3-subnet",
            "timeouts": null
          },
          "sensitive_attributes": [],
          "private": "eyJlMmJmYjczMC1lY2FhLTExZTYtOGY4OC0zNDM2M2JjN2M0YzAiOnsiY3JlYXRlIjoxODAwMDAwMDAwMDAwLCJkZWxldGUiOjE4MDAwMDAwMDAwMDAsInJlYWQiOjMwMDAwMDAwMDAwMCwidXBkYXRlIjoxODAwMDAwMDAwMDAwfX0=",
          "dependencies": [
            "azurerm_network_security_group.lab3_securitygroup",
            "azurerm_resource_group.RG3",
            "azurerm_subnet.lab3_subnet"
          ]
        }
      ]
    },
    {
      "mode": "managed",
      "type": "azurerm_subnet_route_table_association",
      "name": "example",
      "provider": "provider[\"registry.terraform.io/hashicorp/azurerm\"]",
      "instances": [
        {
          "schema_version": 0,
          "attributes": {
            "id": "/subscriptions/54828624-9e2e-4348-b537-8d2c7473541b/resourceGroups/RG3/providers/Microsoft.Network/virtualNetworks/lab3-vnet/subnets/lab3-subnet",
            "route_table_id": "/subscriptions/54828624-9e2e-4348-b537-8d2c7473541b/resourceGroups/RG3/providers/Microsoft.Network/routeTables/lab3-route-table",
            "subnet_id": "/subscriptions/54828624-9e2e-4348-b537-8d2c7473541b/resourceGroups/RG3/providers/Microsoft.Network/virtualNetworks/lab3-vnet/subnets/lab3-subnet",
            "timeouts": null
          },
          "sensitive_attributes": [],
          "private": "eyJlMmJmYjczMC1lY2FhLTExZTYtOGY4OC0zNDM2M2JjN2M0YzAiOnsiY3JlYXRlIjoxODAwMDAwMDAwMDAwLCJkZWxldGUiOjE4MDAwMDAwMDAwMDAsInJlYWQiOjMwMDAwMDAwMDAwMCwidXBkYXRlIjoxODAwMDAwMDAwMDAwfX0=",
          "dependencies": [
            "azurerm_resource_group.RG3",
            "azurerm_route_table.lab3_route_table",
            "azurerm_subnet.lab3_subnet",
            "azurerm_virtual_network.lab3_vnet"
          ]
        }
      ]
    },
    {
      "mode": "managed",
      "type": "azurerm_virtual_network",
      "name": "lab3_vnet",
      "provider": "provider[\"registry.terraform.io/hashicorp/azurerm\"]",
      "instances": [
        {
          "schema_version": 0,
          "attributes": {
            "address_space": [
              "10.1.0.0/16"
            ],
            "bgp_community": "",
            "ddos_protection_plan": [],
            "dns_servers": [
              "10.0.0.4",
              "10.0.0.5"
            ],
            "edge_zone": "",
            "flow_timeout_in_minutes": 0,
            "guid": "567b3dc2-b208-44f9-9fed-b38b7e3fdef8",
            "id": "/subscriptions/54828624-9e2e-4348-b537-8d2c7473541b/resourceGroups/RG3/providers/Microsoft.Network/virtualNetworks/lab3-vnet",
            "location": "westeurope",
            "name": "lab3-vnet",
            "resource_group_name": "RG3",
            "subnet": [
              {
                "address_prefix": "10.1.1.0/24",
                "id": "/subscriptions/54828624-9e2e-4348-b537-8d2c7473541b/resourceGroups/RG3/providers/Microsoft.Network/virtualNetworks/lab3-vnet/subnets/lab3-subnet",
                "name": "lab3-subnet",
                "security_group": ""
              }
            ],
            "tags": {},
            "timeouts": null
          },
          "sensitive_attributes": [],
          "private": "eyJlMmJmYjczMC1lY2FhLTExZTYtOGY4OC0zNDM2M2JjN2M0YzAiOnsiY3JlYXRlIjoxODAwMDAwMDAwMDAwLCJkZWxldGUiOjE4MDAwMDAwMDAwMDAsInJlYWQiOjMwMDAwMDAwMDAwMCwidXBkYXRlIjoxODAwMDAwMDAwMDAwfX0=",
          "dependencies": [
            "azurerm_resource_group.RG3"
          ]
        }
      ]
    }
  ]
}
